// !$*UTF8*$!
{
	archiveVersion = 1;
	classes = {
	};
	objectVersion = 46;
	objects = {

/* Begin PBXBuildFile section */
		BBBAE3D917B87DA000129480 /* BasicPMF.cpp in Sources */ = {isa = PBXBuildFile; fileRef = BBBAE3C517B87DA000129480 /* BasicPMF.cpp */; };
		BBBAE3DA17B87DA000129480 /* BiasSVD.cpp in Sources */ = {isa = PBXBuildFile; fileRef = BBBAE3C817B87DA000129480 /* BiasSVD.cpp */; };
		BBBAE3DB17B87DA000129480 /* Business.cpp in Sources */ = {isa = PBXBuildFile; fileRef = BBBAE3CA17B87DA000129480 /* Business.cpp */; };
		BBBAE3DC17B87DA000129480 /* Category.cpp in Sources */ = {isa = PBXBuildFile; fileRef = BBBAE3CC17B87DA000129480 /* Category.cpp */; };
		BBBAE3DD17B87DA000129480 /* main.cpp in Sources */ = {isa = PBXBuildFile; fileRef = BBBAE3CE17B87DA000129480 /* main.cpp */; };
		BBBAE3DE17B87DA000129480 /* Review.cpp in Sources */ = {isa = PBXBuildFile; fileRef = BBBAE3D117B87DA000129480 /* Review.cpp */; };
		BBBAE3DF17B87DA000129480 /* User.cpp in Sources */ = {isa = PBXBuildFile; fileRef = BBBAE3D517B87DA000129480 /* User.cpp */; };
		BBBAE3E017B87DA000129480 /* Util.cpp in Sources */ = {isa = PBXBuildFile; fileRef = BBBAE3D717B87DA000129480 /* Util.cpp */; };
/* End PBXBuildFile section */

/* Begin PBXCopyFilesBuildPhase section */
		BB4D092C17864F05002107F6 /* CopyFiles */ = {
			isa = PBXCopyFilesBuildPhase;
			buildActionMask = 2147483647;
			dstPath = /usr/share/man/man1/;
			dstSubfolderSpec = 0;
			files = (
			);
			runOnlyForDeploymentPostprocessing = 1;
		};
/* End PBXCopyFilesBuildPhase section */

/* Begin PBXFileReference section */
		BB4D092E17864F05002107F6 /* RecSys2013 */ = {isa = PBXFileReference; explicitFileType = "compiled.mach-o.executable"; includeInIndex = 0; path = RecSys2013; sourceTree = BUILT_PRODUCTS_DIR; };
		BBBAE3C517B87DA000129480 /* BasicPMF.cpp */ = {isa = PBXFileReference; fileEncoding = 4; lastKnownFileType = sourcecode.cpp.cpp; name = BasicPMF.cpp; path = src/BasicPMF.cpp; sourceTree = SOURCE_ROOT; };
		BBBAE3C617B87DA000129480 /* BasicPMF.h */ = {isa = PBXFileReference; fileEncoding = 4; lastKnownFileType = sourcecode.c.h; name = BasicPMF.h; path = src/BasicPMF.h; sourceTree = SOURCE_ROOT; };
		BBBAE3C717B87DA000129480 /* BasicSVDResult.txt */ = {isa = PBXFileReference; fileEncoding = 4; lastKnownFileType = text; name = BasicSVDResult.txt; path = src/BasicSVDResult.txt; sourceTree = SOURCE_ROOT; };
		BBBAE3C817B87DA000129480 /* BiasSVD.cpp */ = {isa = PBXFileReference; fileEncoding = 4; lastKnownFileType = sourcecode.cpp.cpp; name = BiasSVD.cpp; path = src/BiasSVD.cpp; sourceTree = SOURCE_ROOT; };
		BBBAE3C917B87DA000129480 /* BiasSVD.h */ = {isa = PBXFileReference; fileEncoding = 4; lastKnownFileType = sourcecode.c.h; name = BiasSVD.h; path = src/BiasSVD.h; sourceTree = SOURCE_ROOT; };
		BBBAE3CA17B87DA000129480 /* Business.cpp */ = {isa = PBXFileReference; fileEncoding = 4; lastKnownFileType = sourcecode.cpp.cpp; name = Business.cpp; path = src/Business.cpp; sourceTree = SOURCE_ROOT; };
		BBBAE3CB17B87DA000129480 /* Business.h */ = {isa = PBXFileReference; fileEncoding = 4; lastKnownFileType = sourcecode.c.h; name = Business.h; path = src/Business.h; sourceTree = SOURCE_ROOT; };
		BBBAE3CC17B87DA000129480 /* Category.cpp */ = {isa = PBXFileReference; fileEncoding = 4; lastKnownFileType = sourcecode.cpp.cpp; name = Category.cpp; path = src/Category.cpp; sourceTree = SOURCE_ROOT; };
		BBBAE3CD17B87DA000129480 /* Category.h */ = {isa = PBXFileReference; fileEncoding = 4; lastKnownFileType = sourcecode.c.h; name = Category.h; path = src/Category.h; sourceTree = SOURCE_ROOT; };
		BBBAE3CE17B87DA000129480 /* main.cpp */ = {isa = PBXFileReference; fileEncoding = 4; lastKnownFileType = sourcecode.cpp.cpp; name = main.cpp; path = src/main.cpp; sourceTree = SOURCE_ROOT; };
		BBBAE3CF17B87DA000129480 /* RecSys2013.1 */ = {isa = PBXFileReference; fileEncoding = 4; lastKnownFileType = text.man; name = RecSys2013.1; path = src/RecSys2013.1; sourceTree = SOURCE_ROOT; };
		BBBAE3D017B87DA000129480 /* result.txt */ = {isa = PBXFileReference; fileEncoding = 4; lastKnownFileType = text; name = result.txt; path = src/result.txt; sourceTree = SOURCE_ROOT; };
		BBBAE3D117B87DA000129480 /* Review.cpp */ = {isa = PBXFileReference; fileEncoding = 4; lastKnownFileType = sourcecode.cpp.cpp; name = Review.cpp; path = src/Review.cpp; sourceTree = SOURCE_ROOT; };
		BBBAE3D217B87DA000129480 /* Review.h */ = {isa = PBXFileReference; fileEncoding = 4; lastKnownFileType = sourcecode.c.h; name = Review.h; path = src/Review.h; sourceTree = SOURCE_ROOT; };
		BBBAE3D317B87DA000129480 /* SparseMatrix.h */ = {isa = PBXFileReference; fileEncoding = 4; lastKnownFileType = sourcecode.c.h; name = SparseMatrix.h; path = src/SparseMatrix.h; sourceTree = SOURCE_ROOT; };
		BBBAE3D417B87DA000129480 /* Statistics.txt */ = {isa = PBXFileReference; fileEncoding = 4; lastKnownFileType = text; name = Statistics.txt; path = src/Statistics.txt; sourceTree = SOURCE_ROOT; };
		BBBAE3D517B87DA000129480 /* User.cpp */ = {isa = PBXFileReference; fileEncoding = 4; lastKnownFileType = sourcecode.cpp.cpp; name = User.cpp; path = src/User.cpp; sourceTree = SOURCE_ROOT; };
		BBBAE3D617B87DA000129480 /* User.h */ = {isa = PBXFileReference; fileEncoding = 4; lastKnownFileType = sourcecode.c.h; name = User.h; path = src/User.h; sourceTree = SOURCE_ROOT; };
		BBBAE3D717B87DA000129480 /* Util.cpp */ = {isa = PBXFileReference; fileEncoding = 4; lastKnownFileType = sourcecode.cpp.cpp; name = Util.cpp; path = src/Util.cpp; sourceTree = SOURCE_ROOT; };
		BBBAE3D817B87DA000129480 /* Util.h */ = {isa = PBXFileReference; fileEncoding = 4; lastKnownFileType = sourcecode.c.h; name = Util.h; path = src/Util.h; sourceTree = SOURCE_ROOT; };
/* End PBXFileReference section */

/* Begin PBXFrameworksBuildPhase section */
		BB4D092B17864F05002107F6 /* Frameworks */ = {
			isa = PBXFrameworksBuildPhase;
			buildActionMask = 2147483647;
			files = (
			);
			runOnlyForDeploymentPostprocessing = 0;
		};
/* End PBXFrameworksBuildPhase section */

/* Begin PBXGroup section */
		BB4D092317864F05002107F6 = {
			isa = PBXGroup;
			children = (
				BBBAE3C417B87D4A00129480 /* DataProcess */,
				BB4D093117864F05002107F6 /* RecSys2013 */,
				BB4D092F17864F05002107F6 /* Products */,
			);
			sourceTree = "<group>";
		};
		BB4D092F17864F05002107F6 /* Products */ = {
			isa = PBXGroup;
			children = (
				BB4D092E17864F05002107F6 /* RecSys2013 */,
			);
			name = Products;
			sourceTree = "<group>";
		};
		BB4D093117864F05002107F6 /* RecSys2013 */ = {
			isa = PBXGroup;
			children = (
				BBBAE3C517B87DA000129480 /* BasicPMF.cpp */,
				BBBAE3C617B87DA000129480 /* BasicPMF.h */,
				BBBAE3C717B87DA000129480 /* BasicSVDResult.txt */,
				BBBAE3C817B87DA000129480 /* BiasSVD.cpp */,
				BBBAE3C917B87DA000129480 /* BiasSVD.h */,
				BBBAE3CA17B87DA000129480 /* Business.cpp */,
				BBBAE3CB17B87DA000129480 /* Business.h */,
				BBBAE3CC17B87DA000129480 /* Category.cpp */,
				BBBAE3CD17B87DA000129480 /* Category.h */,
				BBBAE3CE17B87DA000129480 /* main.cpp */,
				BBBAE3CF17B87DA000129480 /* RecSys2013.1 */,
				BBBAE3D017B87DA000129480 /* result.txt */,
				BBBAE3D117B87DA000129480 /* Review.cpp */,
				BBBAE3D217B87DA000129480 /* Review.h */,
				BBBAE3D317B87DA000129480 /* SparseMatrix.h */,
				BBBAE3D417B87DA000129480 /* Statistics.txt */,
				BBBAE3D517B87DA000129480 /* User.cpp */,
				BBBAE3D617B87DA000129480 /* User.h */,
				BBBAE3D717B87DA000129480 /* Util.cpp */,
				BBBAE3D817B87DA000129480 /* Util.h */,
			);
			path = RecSys2013;
			sourceTree = "<group>";
		};
		BBBAE3C417B87D4A00129480 /* DataProcess */ = {
			isa = PBXGroup;
			children = (
			);
			name = DataProcess;
			sourceTree = "<group>";
		};
/* End PBXGroup section */

/* Begin PBXNativeTarget section */
		BB4D092D17864F05002107F6 /* RecSys2013 */ = {
			isa = PBXNativeTarget;
			buildConfigurationList = BB4D093817864F05002107F6 /* Build configuration list for PBXNativeTarget "RecSys2013" */;
			buildPhases = (
				BB4D092A17864F05002107F6 /* Sources */,
				BB4D092B17864F05002107F6 /* Frameworks */,
				BB4D092C17864F05002107F6 /* CopyFiles */,
			);
			buildRules = (
			);
			dependencies = (
			);
			name = RecSys2013;
			productName = RecSys2013;
			productReference = BB4D092E17864F05002107F6 /* RecSys2013 */;
			productType = "com.apple.product-type.tool";
		};
/* End PBXNativeTarget section */

/* Begin PBXProject section */
		BB4D092517864F05002107F6 /* Project object */ = {
			isa = PBXProject;
			attributes = {
				LastUpgradeCheck = 0450;
				ORGANIZATIONNAME = JTangWang;
			};
			buildConfigurationList = BB4D092817864F05002107F6 /* Build configuration list for PBXProject "RecSys2013" */;
			compatibilityVersion = "Xcode 3.2";
			developmentRegion = English;
			hasScannedForEncodings = 0;
			knownRegions = (
				en,
			);
			mainGroup = BB4D092317864F05002107F6;
			productRefGroup = BB4D092F17864F05002107F6 /* Products */;
			projectDirPath = "";
			projectRoot = "";
			targets = (
				BB4D092D17864F05002107F6 /* RecSys2013 */,
			);
		};
/* End PBXProject section */

/* Begin PBXSourcesBuildPhase section */
		BB4D092A17864F05002107F6 /* Sources */ = {
			isa = PBXSourcesBuildPhase;
			buildActionMask = 2147483647;
			files = (
				BBBAE3D917B87DA000129480 /* BasicPMF.cpp in Sources */,
				BBBAE3DA17B87DA000129480 /* BiasSVD.cpp in Sources */,
				BBBAE3DB17B87DA000129480 /* Business.cpp in Sources */,
				BBBAE3DC17B87DA000129480 /* Category.cpp in Sources */,
				BBBAE3DD17B87DA000129480 /* main.cpp in Sources */,
				BBBAE3DE17B87DA000129480 /* Review.cpp in Sources */,
				BBBAE3DF17B87DA000129480 /* User.cpp in Sources */,
				BBBAE3E017B87DA000129480 /* Util.cpp in Sources */,
			);
			runOnlyForDeploymentPostprocessing = 0;
		};
/* End PBXSourcesBuildPhase section */

/* Begin XCBuildConfiguration section */
		BB4D093617864F05002107F6 /* Debug */ = {
			isa = XCBuildConfiguration;
			buildSettings = {
				ALWAYS_SEARCH_USER_PATHS = NO;
				ARCHS = "$(ARCHS_STANDARD_64_BIT)";
				CLANG_CXX_LANGUAGE_STANDARD = "gnu++0x";
				CLANG_CXX_LIBRARY = "libc++";
				CLANG_WARN_EMPTY_BODY = YES;
				CLANG_WARN__DUPLICATE_METHOD_MATCH = YES;
				COPY_PHASE_STRIP = NO;
				GCC_C_LANGUAGE_STANDARD = gnu99;
				GCC_DYNAMIC_NO_PIC = NO;
				GCC_ENABLE_OBJC_EXCEPTIONS = YES;
				GCC_OPTIMIZATION_LEVEL = 0;
				GCC_PREPROCESSOR_DEFINITIONS = (
					"DEBUG=1",
					"$(inherited)",
				);
				GCC_SYMBOLS_PRIVATE_EXTERN = NO;
				GCC_VERSION = "";
				GCC_WARN_64_TO_32_BIT_CONVERSION = YES;
				GCC_WARN_ABOUT_RETURN_TYPE = YES;
				GCC_WARN_UNINITIALIZED_AUTOS = YES;
				GCC_WARN_UNUSED_VARIABLE = YES;
				HEADER_SEARCH_PATHS = "";
				LIBRARY_SEARCH_PATHS = "";
				MACOSX_DEPLOYMENT_TARGET = 10.7;
				ONLY_ACTIVE_ARCH = YES;
				SDKROOT = macosx;
			};
			name = Debug;
		};
		BB4D093717864F05002107F6 /* Release */ = {
			isa = XCBuildConfiguration;
			buildSettings = {
				ALWAYS_SEARCH_USER_PATHS = NO;
				ARCHS = "$(ARCHS_STANDARD_64_BIT)";
				CLANG_CXX_LANGUAGE_STANDARD = "gnu++0x";
				CLANG_CXX_LIBRARY = "libc++";
				CLANG_WARN_EMPTY_BODY = YES;
				CLANG_WARN__DUPLICATE_METHOD_MATCH = YES;
				COPY_PHASE_STRIP = YES;
				DEBUG_INFORMATION_FORMAT = "dwarf-with-dsym";
				GCC_C_LANGUAGE_STANDARD = gnu99;
				GCC_ENABLE_OBJC_EXCEPTIONS = YES;
				GCC_VERSION = "";
				GCC_WARN_64_TO_32_BIT_CONVERSION = YES;
				GCC_WARN_ABOUT_RETURN_TYPE = YES;
				GCC_WARN_UNINITIALIZED_AUTOS = YES;
				GCC_WARN_UNUSED_VARIABLE = YES;
				HEADER_SEARCH_PATHS = "";
				LIBRARY_SEARCH_PATHS = "";
				MACOSX_DEPLOYMENT_TARGET = 10.7;
				SDKROOT = macosx;
			};
			name = Release;
		};
		BB4D093917864F05002107F6 /* Debug */ = {
			isa = XCBuildConfiguration;
			buildSettings = {
				GCC_VERSION = com.apple.compilers.llvm.clang.1_0;
				HEADER_SEARCH_PATHS = /opt/local/include;
				LIBRARY_SEARCH_PATHS = /opt/local/lib;
				PRODUCT_NAME = "$(TARGET_NAME)";
				USER_HEADER_SEARCH_PATHS = "";
			};
			name = Debug;
		};
		BB4D093A17864F05002107F6 /* Release */ = {
			isa = XCBuildConfiguration;
			buildSettings = {
				GCC_VERSION = com.apple.compilers.llvm.clang.1_0;
				HEADER_SEARCH_PATHS = /opt/local/include;
				LIBRARY_SEARCH_PATHS = /opt/local/lib;
				PRODUCT_NAME = "$(TARGET_NAME)";
				USER_HEADER_SEARCH_PATHS = "";
			};
			name = Release;
		};
/* End XCBuildConfiguration section */

/* Begin XCConfigurationList section */
		BB4D092817864F05002107F6 /* Build configuration list for PBXProject "RecSys2013" */ = {
			isa = XCConfigurationList;
			buildConfigurations = (
				BB4D093617864F05002107F6 /* Debug */,
				BB4D093717864F05002107F6 /* Release */,
			);
			defaultConfigurationIsVisible = 0;
			defaultConfigurationName = Debug;
		};
		BB4D093817864F05002107F6 /* Build configuration list for PBXNativeTarget "RecSys2013" */ = {
			isa = XCConfigurationList;
			buildConfigurations = (
				BB4D093917864F05002107F6 /* Debug */,
				BB4D093A17864F05002107F6 /* Release */,
			);
			defaultConfigurationIsVisible = 0;
			defaultConfigurationName = Debug;
		};
/* End XCConfigurationList section */
	};
	rootObject = BB4D092517864F05002107F6 /* Project object */;
}
