// !$*UTF8*$!
{
	archiveVersion = 1;
	classes = {
	};
	objectVersion = 46;
	objects = {

/* Begin PBXBuildFile section */
		BB4D093317864F05002107F6 /* main.cpp in Sources */ = {isa = PBXBuildFile; fileRef = BB4D093217864F05002107F6 /* main.cpp */; };
		BB4D093517864F05002107F6 /* RecSys2013.1 in CopyFiles */ = {isa = PBXBuildFile; fileRef = BB4D093417864F05002107F6 /* RecSys2013.1 */; };
		BB4D0941178986E6002107F6 /* BasicPMF.cpp in Sources */ = {isa = PBXBuildFile; fileRef = BB4D093F178986E6002107F6 /* BasicPMF.cpp */; };
		BB90EDE217951EF20023546F /* Util.cpp in Sources */ = {isa = PBXBuildFile; fileRef = BB90EDE017951EF20023546F /* Util.cpp */; };
		BBA4BA46179FEA000003B338 /* User.cpp in Sources */ = {isa = PBXBuildFile; fileRef = BBA4BA44179FEA000003B338 /* User.cpp */; };
		BBA4BA49179FEA290003B338 /* Business.cpp in Sources */ = {isa = PBXBuildFile; fileRef = BBA4BA47179FEA290003B338 /* Business.cpp */; };
		BBA4BA4C179FEA460003B338 /* Review.cpp in Sources */ = {isa = PBXBuildFile; fileRef = BBA4BA4A179FEA460003B338 /* Review.cpp */; };
		BBA4BA4F17A102310003B338 /* BiasSVD.cpp in Sources */ = {isa = PBXBuildFile; fileRef = BBA4BA4D17A102310003B338 /* BiasSVD.cpp */; };
/* End PBXBuildFile section */

/* Begin PBXCopyFilesBuildPhase section */
		BB4D092C17864F05002107F6 /* CopyFiles */ = {
			isa = PBXCopyFilesBuildPhase;
			buildActionMask = 2147483647;
			dstPath = /usr/share/man/man1/;
			dstSubfolderSpec = 0;
			files = (
				BB4D093517864F05002107F6 /* RecSys2013.1 in CopyFiles */,
			);
			runOnlyForDeploymentPostprocessing = 1;
		};
/* End PBXCopyFilesBuildPhase section */

/* Begin PBXFileReference section */
		BB4D092E17864F05002107F6 /* RecSys2013 */ = {isa = PBXFileReference; explicitFileType = "compiled.mach-o.executable"; includeInIndex = 0; path = RecSys2013; sourceTree = BUILT_PRODUCTS_DIR; };
		BB4D093217864F05002107F6 /* main.cpp */ = {isa = PBXFileReference; lastKnownFileType = sourcecode.cpp.cpp; path = main.cpp; sourceTree = "<group>"; };
		BB4D093417864F05002107F6 /* RecSys2013.1 */ = {isa = PBXFileReference; lastKnownFileType = text.man; path = RecSys2013.1; sourceTree = "<group>"; };
		BB4D093F178986E6002107F6 /* BasicPMF.cpp */ = {isa = PBXFileReference; fileEncoding = 4; lastKnownFileType = sourcecode.cpp.cpp; path = BasicPMF.cpp; sourceTree = "<group>"; };
		BB4D0940178986E6002107F6 /* BasicPMF.h */ = {isa = PBXFileReference; fileEncoding = 4; lastKnownFileType = sourcecode.c.h; path = BasicPMF.h; sourceTree = "<group>"; };
		BB4D094217899BB8002107F6 /* SparseMatrix.h */ = {isa = PBXFileReference; lastKnownFileType = sourcecode.c.h; path = SparseMatrix.h; sourceTree = "<group>"; };
		BB90EDE017951EF20023546F /* Util.cpp */ = {isa = PBXFileReference; fileEncoding = 4; lastKnownFileType = sourcecode.cpp.cpp; path = Util.cpp; sourceTree = "<group>"; };
		BB90EDE117951EF20023546F /* Util.h */ = {isa = PBXFileReference; fileEncoding = 4; lastKnownFileType = sourcecode.c.h; path = Util.h; sourceTree = "<group>"; };
		BBA4BA41179AB1450003B338 /* result.txt */ = {isa = PBXFileReference; fileEncoding = 4; lastKnownFileType = text; path = result.txt; sourceTree = "<group>"; };
		BBA4BA43179FE4390003B338 /* BasicSVDResult.txt */ = {isa = PBXFileReference; fileEncoding = 4; lastKnownFileType = text; path = BasicSVDResult.txt; sourceTree = "<group>"; };
		BBA4BA44179FEA000003B338 /* User.cpp */ = {isa = PBXFileReference; fileEncoding = 4; lastKnownFileType = sourcecode.cpp.cpp; path = User.cpp; sourceTree = "<group>"; };
		BBA4BA45179FEA000003B338 /* User.h */ = {isa = PBXFileReference; fileEncoding = 4; lastKnownFileType = sourcecode.c.h; path = User.h; sourceTree = "<group>"; };
		BBA4BA47179FEA290003B338 /* Business.cpp */ = {isa = PBXFileReference; fileEncoding = 4; lastKnownFileType = sourcecode.cpp.cpp; path = Business.cpp; sourceTree = "<group>"; };
		BBA4BA48179FEA290003B338 /* Business.h */ = {isa = PBXFileReference; fileEncoding = 4; lastKnownFileType = sourcecode.c.h; path = Business.h; sourceTree = "<group>"; };
		BBA4BA4A179FEA460003B338 /* Review.cpp */ = {isa = PBXFileReference; fileEncoding = 4; lastKnownFileType = sourcecode.cpp.cpp; path = Review.cpp; sourceTree = "<group>"; };
		BBA4BA4B179FEA460003B338 /* Review.h */ = {isa = PBXFileReference; fileEncoding = 4; lastKnownFileType = sourcecode.c.h; path = Review.h; sourceTree = "<group>"; };
		BBA4BA4D17A102310003B338 /* BiasSVD.cpp */ = {isa = PBXFileReference; fileEncoding = 4; lastKnownFileType = sourcecode.cpp.cpp; path = BiasSVD.cpp; sourceTree = "<group>"; };
		BBA4BA4E17A102310003B338 /* BiasSVD.h */ = {isa = PBXFileReference; fileEncoding = 4; lastKnownFileType = sourcecode.c.h; path = BiasSVD.h; sourceTree = "<group>"; };
/* End PBXFileReference section */

/* Begin PBXFrameworksBuildPhase section */
		BB4D092B17864F05002107F6 /* Frameworks */ = {
			isa = PBXFrameworksBuildPhase;
			buildActionMask = 2147483647;
			files = (
			);
			runOnlyForDeploymentPostprocessing = 0;
		};
/* End PBXFrameworksBuildPhase section */

/* Begin PBXGroup section */
		BB4D092317864F05002107F6 = {
			isa = PBXGroup;
			children = (
				BB4D093117864F05002107F6 /* RecSys2013 */,
				BB4D092F17864F05002107F6 /* Products */,
			);
			sourceTree = "<group>";
		};
		BB4D092F17864F05002107F6 /* Products */ = {
			isa = PBXGroup;
			children = (
				BB4D092E17864F05002107F6 /* RecSys2013 */,
			);
			name = Products;
			sourceTree = "<group>";
		};
		BB4D093117864F05002107F6 /* RecSys2013 */ = {
			isa = PBXGroup;
			children = (
				BB4D093217864F05002107F6 /* main.cpp */,
				BB4D093417864F05002107F6 /* RecSys2013.1 */,
				BB4D093F178986E6002107F6 /* BasicPMF.cpp */,
				BB4D0940178986E6002107F6 /* BasicPMF.h */,
				BBA4BA4D17A102310003B338 /* BiasSVD.cpp */,
				BBA4BA4E17A102310003B338 /* BiasSVD.h */,
				BB4D094217899BB8002107F6 /* SparseMatrix.h */,
				BB90EDE017951EF20023546F /* Util.cpp */,
				BB90EDE117951EF20023546F /* Util.h */,
				BBA4BA41179AB1450003B338 /* result.txt */,
				BBA4BA43179FE4390003B338 /* BasicSVDResult.txt */,
				BBA4BA44179FEA000003B338 /* User.cpp */,
				BBA4BA45179FEA000003B338 /* User.h */,
				BBA4BA47179FEA290003B338 /* Business.cpp */,
				BBA4BA48179FEA290003B338 /* Business.h */,
				BBA4BA4A179FEA460003B338 /* Review.cpp */,
				BBA4BA4B179FEA460003B338 /* Review.h */,
			);
			path = RecSys2013;
			sourceTree = "<group>";
		};
/* End PBXGroup section */

/* Begin PBXNativeTarget section */
		BB4D092D17864F05002107F6 /* RecSys2013 */ = {
			isa = PBXNativeTarget;
			buildConfigurationList = BB4D093817864F05002107F6 /* Build configuration list for PBXNativeTarget "RecSys2013" */;
			buildPhases = (
				BB4D092A17864F05002107F6 /* Sources */,
				BB4D092B17864F05002107F6 /* Frameworks */,
				BB4D092C17864F05002107F6 /* CopyFiles */,
			);
			buildRules = (
			);
			dependencies = (
			);
			name = RecSys2013;
			productName = RecSys2013;
			productReference = BB4D092E17864F05002107F6 /* RecSys2013 */;
			productType = "com.apple.product-type.tool";
		};
/* End PBXNativeTarget section */

/* Begin PBXProject section */
		BB4D092517864F05002107F6 /* Project object */ = {
			isa = PBXProject;
			attributes = {
				LastUpgradeCheck = 0450;
				ORGANIZATIONNAME = JTangWang;
			};
			buildConfigurationList = BB4D092817864F05002107F6 /* Build configuration list for PBXProject "RecSys2013" */;
			compatibilityVersion = "Xcode 3.2";
			developmentRegion = English;
			hasScannedForEncodings = 0;
			knownRegions = (
				en,
			);
			mainGroup = BB4D092317864F05002107F6;
			productRefGroup = BB4D092F17864F05002107F6 /* Products */;
			projectDirPath = "";
			projectRoot = "";
			targets = (
				BB4D092D17864F05002107F6 /* RecSys2013 */,
			);
		};
/* End PBXProject section */

/* Begin PBXSourcesBuildPhase section */
		BB4D092A17864F05002107F6 /* Sources */ = {
			isa = PBXSourcesBuildPhase;
			buildActionMask = 2147483647;
			files = (
				BB4D093317864F05002107F6 /* main.cpp in Sources */,
				BB4D0941178986E6002107F6 /* BasicPMF.cpp in Sources */,
				BB90EDE217951EF20023546F /* Util.cpp in Sources */,
				BBA4BA46179FEA000003B338 /* User.cpp in Sources */,
				BBA4BA49179FEA290003B338 /* Business.cpp in Sources */,
				BBA4BA4C179FEA460003B338 /* Review.cpp in Sources */,
				BBA4BA4F17A102310003B338 /* BiasSVD.cpp in Sources */,
			);
			runOnlyForDeploymentPostprocessing = 0;
		};
/* End PBXSourcesBuildPhase section */

/* Begin XCBuildConfiguration section */
		BB4D093617864F05002107F6 /* Debug */ = {
			isa = XCBuildConfiguration;
			buildSettings = {
				ALWAYS_SEARCH_USER_PATHS = NO;
				ARCHS = "$(ARCHS_STANDARD_64_BIT)";
				CLANG_CXX_LANGUAGE_STANDARD = "gnu++0x";
				CLANG_CXX_LIBRARY = "libc++";
				CLANG_WARN_EMPTY_BODY = YES;
				CLANG_WARN__DUPLICATE_METHOD_MATCH = YES;
				COPY_PHASE_STRIP = NO;
				GCC_C_LANGUAGE_STANDARD = gnu99;
				GCC_DYNAMIC_NO_PIC = NO;
				GCC_ENABLE_OBJC_EXCEPTIONS = YES;
				GCC_OPTIMIZATION_LEVEL = 0;
				GCC_PREPROCESSOR_DEFINITIONS = (
					"DEBUG=1",
					"$(inherited)",
				);
				GCC_SYMBOLS_PRIVATE_EXTERN = NO;
				GCC_VERSION = "";
				GCC_WARN_64_TO_32_BIT_CONVERSION = YES;
				GCC_WARN_ABOUT_RETURN_TYPE = YES;
				GCC_WARN_UNINITIALIZED_AUTOS = YES;
				GCC_WARN_UNUSED_VARIABLE = YES;
				MACOSX_DEPLOYMENT_TARGET = 10.7;
				ONLY_ACTIVE_ARCH = YES;
				SDKROOT = macosx;
			};
			name = Debug;
		};
		BB4D093717864F05002107F6 /* Release */ = {
			isa = XCBuildConfiguration;
			buildSettings = {
				ALWAYS_SEARCH_USER_PATHS = NO;
				ARCHS = "$(ARCHS_STANDARD_64_BIT)";
				CLANG_CXX_LANGUAGE_STANDARD = "gnu++0x";
				CLANG_CXX_LIBRARY = "libc++";
				CLANG_WARN_EMPTY_BODY = YES;
				CLANG_WARN__DUPLICATE_METHOD_MATCH = YES;
				COPY_PHASE_STRIP = YES;
				DEBUG_INFORMATION_FORMAT = "dwarf-with-dsym";
				GCC_C_LANGUAGE_STANDARD = gnu99;
				GCC_ENABLE_OBJC_EXCEPTIONS = YES;
				GCC_VERSION = "";
				GCC_WARN_64_TO_32_BIT_CONVERSION = YES;
				GCC_WARN_ABOUT_RETURN_TYPE = YES;
				GCC_WARN_UNINITIALIZED_AUTOS = YES;
				GCC_WARN_UNUSED_VARIABLE = YES;
				MACOSX_DEPLOYMENT_TARGET = 10.7;
				SDKROOT = macosx;
			};
			name = Release;
		};
		BB4D093917864F05002107F6 /* Debug */ = {
			isa = XCBuildConfiguration;
			buildSettings = {
				GCC_VERSION = com.apple.compilers.llvm.clang.1_0;
				PRODUCT_NAME = "$(TARGET_NAME)";
			};
			name = Debug;
		};
		BB4D093A17864F05002107F6 /* Release */ = {
			isa = XCBuildConfiguration;
			buildSettings = {
				GCC_VERSION = com.apple.compilers.llvm.clang.1_0;
				PRODUCT_NAME = "$(TARGET_NAME)";
			};
			name = Release;
		};
/* End XCBuildConfiguration section */

/* Begin XCConfigurationList section */
		BB4D092817864F05002107F6 /* Build configuration list for PBXProject "RecSys2013" */ = {
			isa = XCConfigurationList;
			buildConfigurations = (
				BB4D093617864F05002107F6 /* Debug */,
				BB4D093717864F05002107F6 /* Release */,
			);
			defaultConfigurationIsVisible = 0;
			defaultConfigurationName = Debug;
		};
		BB4D093817864F05002107F6 /* Build configuration list for PBXNativeTarget "RecSys2013" */ = {
			isa = XCConfigurationList;
			buildConfigurations = (
				BB4D093917864F05002107F6 /* Debug */,
				BB4D093A17864F05002107F6 /* Release */,
			);
			defaultConfigurationIsVisible = 0;
			defaultConfigurationName = Debug;
		};
/* End XCConfigurationList section */
	};
	rootObject = BB4D092517864F05002107F6 /* Project object */;
}
